
Microsoft Visual Studio Solution File, Format Version 12.00
# Visual Studio Version 17
VisualStudioVersion = 17.7.34031.279
MinimumVisualStudioVersion = 10.0.40219.1
Project("{FAE04EC0-301F-11D3-BF4B-00C04F79EFBC}") = "pkweb", "pkweb.csproj", "{210405DF-40E3-4E95-A242-602D90D6307C}"
EndProject
Global
	GlobalSection(SolutionConfigurationPlatforms) = preSolution
		Debug|Any CPU = Debug|Any CPU
		Release|Any CPU = Release|Any CPU
	EndGlobalSection
	GlobalSection(ProjectConfigurationPlatforms) = postSolution
		{210405DF-40E3-4E95-A242-602D90D6307C}.Debug|Any CPU.ActiveCfg = Debug|Any CPU
		{210405DF-40E3-4E95-A242-602D90D6307C}.Debug|Any CPU.Build.0 = Debug|Any CPU
		{210405DF-40E3-4E95-A242-602D90D6307C}.Release|Any CPU.ActiveCfg = Release|Any CPU
		{210405DF-40E3-4E95-A242-602D90D6307C}.Release|Any CPU.Build.0 = Release|Any CPU
	EndGlobalSection
	GlobalSection(SolutionProperties) = preSolution
		HideSolutionNode = FALSE
	EndGlobalSection
	GlobalSection(ExtensibilityGlobals) = postSolution
		SolutionGuid = {7AD63224-1AA8-4973-8A6E-F8E655CFB292}
	EndGlobalSection
EndGlobal
